
Microsoft Visual Studio Solution File, Format Version 12.00
# Visual Studio Version 16
VisualStudioVersion = 16.0.29613.14
MinimumVisualStudioVersion = 10.0.40219.1
Project("{FAE04EC0-301F-11D3-BF4B-00C04F79EFBC}") = "Statista.CodeChallenge.App", "Statista.CodeChallenge.App\Statista.CodeChallenge.App.csproj", "{A1D0398E-70A3-4873-B245-7AA67E551319}"
EndProject
Project("{FAE04EC0-301F-11D3-BF4B-00C04F79EFBC}") = "Statista.CodeChallenge.App.Tests", "Statista.CodeChallenge.App.Tests\Statista.CodeChallenge.App.Tests.csproj", "{D5DEFB92-0D5B-4A45-8A67-E3ABF6961252}"
EndProject
Global
	GlobalSection(SolutionConfigurationPlatforms) = preSolution
		Debug|Any CPU = Debug|Any CPU
		Release|Any CPU = Release|Any CPU
	EndGlobalSection
	GlobalSection(ProjectConfigurationPlatforms) = postSolution
		{A1D0398E-70A3-4873-B245-7AA67E551319}.Debug|Any CPU.ActiveCfg = Debug|Any CPU
		{A1D0398E-70A3-4873-B245-7AA67E551319}.Debug|Any CPU.Build.0 = Debug|Any CPU
		{A1D0398E-70A3-4873-B245-7AA67E551319}.Release|Any CPU.ActiveCfg = Release|Any CPU
		{A1D0398E-70A3-4873-B245-7AA67E551319}.Release|Any CPU.Build.0 = Release|Any CPU
		{D5DEFB92-0D5B-4A45-8A67-E3ABF6961252}.Debug|Any CPU.ActiveCfg = Debug|Any CPU
		{D5DEFB92-0D5B-4A45-8A67-E3ABF6961252}.Debug|Any CPU.Build.0 = Debug|Any CPU
		{D5DEFB92-0D5B-4A45-8A67-E3ABF6961252}.Release|Any CPU.ActiveCfg = Release|Any CPU
		{D5DEFB92-0D5B-4A45-8A67-E3ABF6961252}.Release|Any CPU.Build.0 = Release|Any CPU
	EndGlobalSection
	GlobalSection(SolutionProperties) = preSolution
		HideSolutionNode = FALSE
	EndGlobalSection
	GlobalSection(ExtensibilityGlobals) = postSolution
		SolutionGuid = {917B223D-EB37-4265-9269-E570B67583A6}
	EndGlobalSection
EndGlobal
